github.com/IlVin/GoLangExercises v0.0.0-20251201145229-f1dcd8a91b68 h1:7iYU8TfqvNAX67wvCUHp0Fn8aM9aLeX5OPuVCh6U0rw=
github.com/IlVin/GoLangExercises v0.0.0-20251201145229-f1dcd8a91b68/go.mod h1:C13YFNcohQ0lmGxeU++VGhGvrpp/7lOXMJrd3B6cKP8=
github.com/IlVin/go-mod v1.0.16 h1:jBO/Gk3rQpvmBO6mEjzD87if6bjzAImE59vT7/KQFao=
github.com/IlVin/go-mod v1.0.16/go.mod h1:PWq5pSwKCJcbVgjtcVNMUDfDZkqsop1AyA7fHhH3wAo=
